
Microsoft Visual Studio Solution File, Format Version 12.00
# Visual Studio 15
VisualStudioVersion = 15.0.28307.271
MinimumVisualStudioVersion = 10.0.40219.1
Project("{FAE04EC0-301F-11D3-BF4B-00C04F79EFBC}") = "PI EXPERT SA WEB", "PI EXPERT SA WEB\PI EXPERT SA WEB.csproj", "{D1A5F8CF-30C9-44BE-A8FC-58B16C4D5E09}"
EndProject
Global
	GlobalSection(SolutionConfigurationPlatforms) = preSolution
		Debug|Any CPU = Debug|Any CPU
		Release|Any CPU = Release|Any CPU
	EndGlobalSection
	GlobalSection(ProjectConfigurationPlatforms) = postSolution
		{D1A5F8CF-30C9-44BE-A8FC-58B16C4D5E09}.Debug|Any CPU.ActiveCfg = Debug|Any CPU
		{D1A5F8CF-30C9-44BE-A8FC-58B16C4D5E09}.Debug|Any CPU.Build.0 = Debug|Any CPU
		{D1A5F8CF-30C9-44BE-A8FC-58B16C4D5E09}.Release|Any CPU.ActiveCfg = Release|Any CPU
		{D1A5F8CF-30C9-44BE-A8FC-58B16C4D5E09}.Release|Any CPU.Build.0 = Release|Any CPU
	EndGlobalSection
	GlobalSection(SolutionProperties) = preSolution
		HideSolutionNode = FALSE
	EndGlobalSection
	GlobalSection(ExtensibilityGlobals) = postSolution
		SolutionGuid = {D76C313C-66B3-48C8-A970-1DF6C1592FB0}
	EndGlobalSection
EndGlobal
